<?xml version="1.0" encoding="utf-8"?>
<Project ToolsVersion="4.0" xmlns="http://schemas.microsoft.com/developer/msbuild/2003">
  <ItemGroup>
    <Filter Include="Archivos de origen">
      <UniqueIdentifier>{4FC737F1-C7A5-4376-A066-2A32D752A2FF}</UniqueIdentifier>
      <Extensions>cpp;c;cc;cxx;c++;cppm;ixx;def;odl;idl;hpj;bat;asm;asmx</Extensions>
    </Filter>
    <Filter Include="Archivos de encabezado">
      <UniqueIdentifier>{93995380-89BD-4b04-88EB-625FBE52EBFB}</UniqueIdentifier>
      <Extensions>h;hh;hpp;hxx;h++;hm;inl;inc;ipp;xsd</Extensions>
    </Filter>
    <Filter Include="Archivos de recursos">
      <UniqueIdentifier>{67DA6AB6-F800-4c08-8B7A-83BB121AAD01}</UniqueIdentifier>
      <Extensions>rc;ico;cur;bmp;dlg;rc2;rct;bin;rgs;gif;jpg;jpeg;jpe;resx;tiff;tif;png;wav;mfcribbon-ms</Extensions>
    </Filter>
  </ItemGroup>
  <ItemGroup>
    <ClCompile Include="Application\GravitySimulator.cpp">
      <Filter>Archivos de origen</Filter>
    </ClCompile>
    <ClCompile Include="Application\Window.cpp">
      <Filter>Archivos de origen</Filter>
    </ClCompile>
    <ClCompile Include="Engine\Graphic\GPU.cpp">
      <Filter>Archivos de origen</Filter>
    </ClCompile>
    <ClCompile Include="Foundation\File.cpp">
      <Filter>Archivos de origen</Filter>
    </ClCompile>
    <ClCompile Include="main.cpp">
      <Filter>Archivos de origen</Filter>
    </ClCompile>
    <ClCompile Include="Engine\Physic\PhysicSystem.cpp">
      <Filter>Archivos de origen</Filter>
    </ClCompile>
    <ClCompile Include="Engine\Physic\PhysicObject.cpp">
      <Filter>Archivos de origen</Filter>
    </ClCompile>
    <ClCompile Include="Engine\Physic\bruteForceDetection.cpp">
      <Filter>Archivos de origen</Filter>
    </ClCompile>
    <ClCompile Include="Engine\Physic\BruteForceSolver.cpp">
      <Filter>Archivos de origen</Filter>
    </ClCompile>
    <ClCompile Include="Engine\Physic\SolverInterface.cpp">
      <Filter>Archivos de origen</Filter>
    </ClCompile>
    <ClCompile Include="Engine\Physic\CollisionDetectionInterface.cpp">
      <Filter>Archivos de origen</Filter>
    </ClCompile>
    <ClCompile Include="Engine\Graphic\CommandPool.cpp">
      <Filter>Archivos de origen</Filter>
    </ClCompile>
    <ClCompile Include="Engine\Graphic\SwapChain.cpp">
      <Filter>Archivos de origen</Filter>
    </ClCompile>
    <ClCompile Include="Engine\Graphic\Model.cpp">
      <Filter>Archivos de origen</Filter>
    </ClCompile>
    <ClCompile Include="Engine\Graphic\Pipeline.cpp">
      <Filter>Archivos de origen</Filter>
    </ClCompile>
    <ClCompile Include="Engine\Graphic\Renderer.cpp">
      <Filter>Archivos de origen</Filter>
    </ClCompile>
    <ClCompile Include="Engine\Graphic\DescriptorPool.cpp">
      <Filter>Archivos de origen</Filter>
    </ClCompile>
    <ClCompile Include="Engine\Graphic\Camera.cpp">
      <Filter>Archivos de origen</Filter>
    </ClCompile>
    <ClCompile Include="Engine\Graphic\Buffer.cpp">
      <Filter>Archivos de origen</Filter>
    </ClCompile>
    <ClCompile Include="Engine\Graphic\imGUIWindow.cpp">
      <Filter>Archivos de origen</Filter>
    </ClCompile>
    <ClCompile Include="External\imgui\imgui.cpp">
      <Filter>Archivos de origen</Filter>
    </ClCompile>
    <ClCompile Include="External\imgui\imgui_demo.cpp">
      <Filter>Archivos de origen</Filter>
    </ClCompile>
    <ClCompile Include="External\imgui\imgui_draw.cpp">
      <Filter>Archivos de origen</Filter>
    </ClCompile>
    <ClCompile Include="External\imgui\imgui_impl_glfw.cpp">
      <Filter>Archivos de origen</Filter>
    </ClCompile>
    <ClCompile Include="External\imgui\imgui_impl_vulkan.cpp">
      <Filter>Archivos de origen</Filter>
    </ClCompile>
    <ClCompile Include="External\imgui\imgui_stdlib.cpp">
      <Filter>Archivos de origen</Filter>
    </ClCompile>
    <ClCompile Include="External\imgui\imgui_tables.cpp">
      <Filter>Archivos de origen</Filter>
    </ClCompile>
    <ClCompile Include="External\imgui\imgui_widgets.cpp">
      <Filter>Archivos de origen</Filter>
    </ClCompile>
    <ClCompile Include="Engine\Physic\OctTree.cpp">
      <Filter>Archivos de origen</Filter>
    </ClCompile>
    <ClCompile Include="Engine\Physic\OctTreeCollisionDetection.cpp">
      <Filter>Archivos de origen</Filter>
    </ClCompile>
    <ClCompile Include="Engine\Physic\OctTreeSolver.cpp">
      <Filter>Archivos de origen</Filter>
    </ClCompile>
    <ClCompile Include="Application\State.cpp">
      <Filter>Archivos de origen</Filter>
    </ClCompile>
    <ClCompile Include="Foundation\Config.cpp">
      <Filter>Archivos de origen</Filter>
    </ClCompile>
    <ClCompile Include="Foundation\Timers.cpp">
      <Filter>Archivos de origen</Filter>
    </ClCompile>
    <ClCompile Include="Application\input.cpp">
      <Filter>Archivos de origen</Filter>
    </ClCompile>
  </ItemGroup>
  <ItemGroup>
    <ClInclude Include="Application\GravitySimulator.h">
      <Filter>Archivos de encabezado</Filter>
    </ClInclude>
    <ClInclude Include="Application\Window.h">
      <Filter>Archivos de encabezado</Filter>
    </ClInclude>
    <ClInclude Include="Engine\Graphic\GPU.h">
      <Filter>Archivos de encabezado</Filter>
    </ClInclude>
    <ClInclude Include="Foundation\File.h">
      <Filter>Archivos de encabezado</Filter>
    </ClInclude>
    <ClInclude Include="Engine\Physic\PhysicSystem.h">
      <Filter>Archivos de encabezado</Filter>
    </ClInclude>
    <ClInclude Include="Engine\Physic\SolverInterface.h">
      <Filter>Archivos de encabezado</Filter>
    </ClInclude>
    <ClInclude Include="Engine\Physic\PhysicObject.h">
      <Filter>Archivos de encabezado</Filter>
    </ClInclude>
    <ClInclude Include="Engine\Physic\bruteForceDetection.h">
      <Filter>Archivos de encabezado</Filter>
    </ClInclude>
    <ClInclude Include="Engine\Physic\CollisionDetectionInterface.h">
      <Filter>Archivos de encabezado</Filter>
    </ClInclude>
    <ClInclude Include="Engine\Physic\BruteForceSolver.h">
      <Filter>Archivos de encabezado</Filter>
    </ClInclude>
    <ClInclude Include="Engine\Graphic\CommandPool.h">
      <Filter>Archivos de encabezado</Filter>
    </ClInclude>
    <ClInclude Include="Engine\Graphic\SwapChain.h">
      <Filter>Archivos de encabezado</Filter>
    </ClInclude>
    <ClInclude Include="Engine\Graphic\Model.h">
      <Filter>Archivos de encabezado</Filter>
    </ClInclude>
    <ClInclude Include="Engine\Graphic\Pipeline.h">
      <Filter>Archivos de encabezado</Filter>
    </ClInclude>
    <ClInclude Include="Engine\Graphic\Renderer.h">
      <Filter>Archivos de encabezado</Filter>
    </ClInclude>
    <ClInclude Include="Engine\Graphic\DescriptorPool.h">
      <Filter>Archivos de encabezado</Filter>
    </ClInclude>
    <ClInclude Include="Engine\Graphic\Camera.h">
      <Filter>Archivos de encabezado</Filter>
    </ClInclude>
    <ClInclude Include="Engine\Graphic\Graphic.h">
      <Filter>Archivos de encabezado</Filter>
    </ClInclude>
    <ClInclude Include="Engine\Graphic\Buffer.h">
      <Filter>Archivos de encabezado</Filter>
    </ClInclude>
    <ClInclude Include="Engine\Graphic\imGUIWindow.h">
      <Filter>Archivos de encabezado</Filter>
    </ClInclude>
    <ClInclude Include="External\imgui\imconfig.h">
      <Filter>Archivos de encabezado</Filter>
    </ClInclude>
    <ClInclude Include="External\imgui\imgui.h">
      <Filter>Archivos de encabezado</Filter>
    </ClInclude>
    <ClInclude Include="External\imgui\imgui_impl_glfw.h">
      <Filter>Archivos de encabezado</Filter>
    </ClInclude>
    <ClInclude Include="External\imgui\imgui_impl_vulkan.h">
      <Filter>Archivos de encabezado</Filter>
    </ClInclude>
    <ClInclude Include="External\imgui\imgui_internal.h">
      <Filter>Archivos de encabezado</Filter>
    </ClInclude>
    <ClInclude Include="External\imgui\imgui_stdlib.h">
      <Filter>Archivos de encabezado</Filter>
    </ClInclude>
    <ClInclude Include="External\imgui\imstb_rectpack.h">
      <Filter>Archivos de encabezado</Filter>
    </ClInclude>
    <ClInclude Include="External\imgui\imstb_textedit.h">
      <Filter>Archivos de encabezado</Filter>
    </ClInclude>
    <ClInclude Include="External\imgui\imstb_truetype.h">
      <Filter>Archivos de encabezado</Filter>
    </ClInclude>
    <ClInclude Include="Engine\Physic\OctTree.h">
      <Filter>Archivos de encabezado</Filter>
    </ClInclude>
    <ClInclude Include="Engine\Physic\OctTreeCollisionDetection.h">
      <Filter>Archivos de encabezado</Filter>
    </ClInclude>
    <ClInclude Include="Engine\Physic\OctTreeSolver.h">
      <Filter>Archivos de encabezado</Filter>
    </ClInclude>
    <ClInclude Include="Application\State.h">
      <Filter>Archivos de encabezado</Filter>
    </ClInclude>
    <ClInclude Include="Foundation\Config.h">
      <Filter>Archivos de encabezado</Filter>
    </ClInclude>
    <ClInclude Include="Foundation\Timers.h">
      <Filter>Archivos de encabezado</Filter>
    </ClInclude>
    <ClInclude Include="External\json\json.hpp">
      <Filter>Archivos de encabezado</Filter>
    </ClInclude>
    <ClInclude Include="Application\input.h">
      <Filter>Archivos de encabezado</Filter>
    </ClInclude>
    <ClInclude Include="Foundation\Arena.h">
      <Filter>Archivos de encabezado</Filter>
    </ClInclude>
  </ItemGroup>
  <ItemGroup>
    <None Include=".gitignore" />
    <None Include="README.md" />
    <None Include="imgui.ini" />
    <None Include="scenes\tierra.json">
      <Filter>Archivos de recursos</Filter>
    </None>
    <None Include="Engine\Graphic\shader\fragmentShader.frag">
      <Filter>Archivos de recursos</Filter>
    </None>
    <None Include="Engine\Graphic\shader\vertexShader.vert">
      <Filter>Archivos de recursos</Filter>
    </None>
    <None Include="scenes\colision.json" />
    <None Include="scenes\last.json" />
  </ItemGroup>
</Project>